
Microsoft Visual Studio Solution File, Format Version 12.00
# Visual Studio Version 17
VisualStudioVersion = 17.8.34330.188
MinimumVisualStudioVersion = 10.0.40219.1
Project("{FAE04EC0-301F-11D3-BF4B-00C04F79EFBC}") = "labVA6", "labVA6\labVA6.csproj", "{C35FE7EE-DC64-48EB-A94B-B324B704DD64}"
EndProject
Global
	GlobalSection(SolutionConfigurationPlatforms) = preSolution
		Debug|Any CPU = Debug|Any CPU
		Release|Any CPU = Release|Any CPU
	EndGlobalSection
	GlobalSection(ProjectConfigurationPlatforms) = postSolution
		{C35FE7EE-DC64-48EB-A94B-B324B704DD64}.Debug|Any CPU.ActiveCfg = Debug|Any CPU
		{C35FE7EE-DC64-48EB-A94B-B324B704DD64}.Debug|Any CPU.Build.0 = Debug|Any CPU
		{C35FE7EE-DC64-48EB-A94B-B324B704DD64}.Release|Any CPU.ActiveCfg = Release|Any CPU
		{C35FE7EE-DC64-48EB-A94B-B324B704DD64}.Release|Any CPU.Build.0 = Release|Any CPU
	EndGlobalSection
	GlobalSection(SolutionProperties) = preSolution
		HideSolutionNode = FALSE
	EndGlobalSection
	GlobalSection(ExtensibilityGlobals) = postSolution
		SolutionGuid = {0B19DD27-D116-49D4-9732-8219C20DB019}
	EndGlobalSection
EndGlobal
